
Microsoft Visual Studio Solution File, Format Version 12.00
# Visual Studio Version 16
VisualStudioVersion = 16.0.29613.14
MinimumVisualStudioVersion = 10.0.40219.1
Project("{2150E333-8FDC-42A3-9474-1A3956D46DE8}") = "Web", "Web", "{CBC672C2-01CA-4F8B-84B9-18EE07F0F713}"
EndProject
Project("{FAE04EC0-301F-11D3-BF4B-00C04F79EFBC}") = "MedicionHumedad", "Web\MedicionHumedad\MedicionHumedad.csproj", "{2F070DB2-7F18-4784-A057-30D1A9C9634D}"
EndProject
Global
	GlobalSection(SolutionConfigurationPlatforms) = preSolution
		Debug|Any CPU = Debug|Any CPU
		Release|Any CPU = Release|Any CPU
	EndGlobalSection
	GlobalSection(ProjectConfigurationPlatforms) = postSolution
		{2F070DB2-7F18-4784-A057-30D1A9C9634D}.Debug|Any CPU.ActiveCfg = Debug|Any CPU
		{2F070DB2-7F18-4784-A057-30D1A9C9634D}.Debug|Any CPU.Build.0 = Debug|Any CPU
		{2F070DB2-7F18-4784-A057-30D1A9C9634D}.Release|Any CPU.ActiveCfg = Release|Any CPU
		{2F070DB2-7F18-4784-A057-30D1A9C9634D}.Release|Any CPU.Build.0 = Release|Any CPU
	EndGlobalSection
	GlobalSection(SolutionProperties) = preSolution
		HideSolutionNode = FALSE
	EndGlobalSection
	GlobalSection(NestedProjects) = preSolution
		{2F070DB2-7F18-4784-A057-30D1A9C9634D} = {CBC672C2-01CA-4F8B-84B9-18EE07F0F713}
	EndGlobalSection
	GlobalSection(ExtensibilityGlobals) = postSolution
		SolutionGuid = {1DA06528-02E3-454F-9620-81836FB22FF4}
	EndGlobalSection
EndGlobal
